{
  "version": 4,
  "terraform_version": "1.1.7",
  "serial": 27,
  "lineage": "8e32c340-919a-89e8-2ddb-d450204a482c",
  "outputs": {},
  "resources": [
    {
      "mode": "managed",
      "type": "local_file",
      "name": "ansible_inventory",
      "provider": "provider[\"registry.terraform.io/hashicorp/local\"]",
      "instances": [
        {
          "schema_version": 0,
          "attributes": {
            "content": "[factorygame]\nfactorygame-1\nfactorygame-2\n\n[minecraft]\nminecraft-1\n\n[valheim]\nvalheim-1\n",
            "content_base64": null,
            "directory_permission": "0777",
            "file_permission": "0777",
            "filename": "/home/toog/iac/ansible/inventory.ini",
            "id": "150e53b46bbec6569bd1b734d2035e1dfc5d2dcd",
            "sensitive_content": null,
            "source": null
          },
          "sensitive_attributes": [],
          "private": "bnVsbA==",
          "dependencies": [
            "proxmox_lxc.factorygame",
            "proxmox_lxc.minecraft",
            "proxmox_lxc.valheim"
          ]
        }
      ]
    },
    {
      "mode": "managed",
      "type": "proxmox_lxc",
      "name": "factorygame",
      "provider": "provider[\"registry.terraform.io/telmate/proxmox\"]",
      "instances": [
        {
          "index_key": 0,
          "schema_version": 0,
          "attributes": {
            "arch": "amd64",
            "bwlimit": 0,
            "clone": null,
            "clone_storage": null,
            "cmode": "tty",
            "console": true,
            "cores": 4,
            "cpulimit": 0,
            "cpuunits": 1024,
            "description": "",
            "features": [],
            "force": false,
            "full": null,
            "hagroup": "",
            "hastate": "",
            "hookscript": "",
            "hostname": "factorygame-1",
            "id": "tnpve1/lxc/100",
            "ignore_unpack_errors": false,
            "lock": "",
            "memory": 16384,
            "mountpoint": [],
            "nameserver": "",
            "network": [
              {
                "bridge": "vmbr0",
                "firewall": false,
                "gw": "192.168.17.1",
                "gw6": "",
                "hwaddr": "B2:95:8A:95:90:F8",
                "ip": "dhcp",
                "ip6": "",
                "mtu": "",
                "name": "eth0",
                "rate": 0,
                "tag": 0,
                "trunks": "",
                "type": "veth"
              }
            ],
            "onboot": true,
            "ostemplate": "local:vztmpl/rockylinux-8-default_20210929_amd64.tar.xz",
            "ostype": "centos",
            "password": null,
            "pool": null,
            "protection": false,
            "restore": false,
            "rootfs": [
              {
                "size": "16G",
                "storage": "local-lvm",
                "volume": "local-lvm:vm-100-disk-0"
              }
            ],
            "searchdomain": "",
            "ssh_public_keys": "ssh-ed25519 AAAAC3NzaC1lZDI1NTE5AAAAIHTc7PEfDN/l/dJgtDJqP8T5wFsaKvwrz/JjFBNSMASw toog@thearchtoog.turtlesnet.dev",
            "start": true,
            "startup": "",
            "swap": 512,
            "tags": "",
            "target_node": "tnpve1",
            "template": false,
            "timeouts": null,
            "tty": 2,
            "unique": false,
            "unprivileged": true,
            "unused": [],
            "vmid": 0
          },
          "sensitive_attributes": [
            [
              {
                "type": "get_attr",
                "value": "ssh_public_keys"
              }
            ]
          ],
          "private": "eyJlMmJmYjczMC1lY2FhLTExZTYtOGY4OC0zNDM2M2JjN2M0YzAiOnsiY3JlYXRlIjozMDAwMDAwMDAwMDAsImRlZmF1bHQiOjMwMDAwMDAwMDAwMCwiZGVsZXRlIjoxODAwMDAwMDAwMDAsInJlYWQiOjE4MDAwMDAwMDAwMCwidXBkYXRlIjoxODAwMDAwMDAwMDB9fQ=="
        },
        {
          "index_key": 1,
          "schema_version": 0,
          "attributes": {
            "arch": "amd64",
            "bwlimit": 0,
            "clone": null,
            "clone_storage": null,
            "cmode": "tty",
            "console": true,
            "cores": 4,
            "cpulimit": 0,
            "cpuunits": 1024,
            "description": "",
            "features": [],
            "force": false,
            "full": null,
            "hagroup": "",
            "hastate": "",
            "hookscript": "",
            "hostname": "factorygame-2",
            "id": "tnpve1/lxc/102",
            "ignore_unpack_errors": false,
            "lock": "",
            "memory": 16384,
            "mountpoint": [],
            "nameserver": "",
            "network": [
              {
                "bridge": "vmbr0",
                "firewall": false,
                "gw": "192.168.17.1",
                "gw6": "",
                "hwaddr": "D2:3A:B7:77:7B:8D",
                "ip": "dhcp",
                "ip6": "",
                "mtu": "",
                "name": "eth0",
                "rate": 0,
                "tag": 0,
                "trunks": "",
                "type": "veth"
              }
            ],
            "onboot": true,
            "ostemplate": "local:vztmpl/rockylinux-8-default_20210929_amd64.tar.xz",
            "ostype": "centos",
            "password": null,
            "pool": null,
            "protection": false,
            "restore": false,
            "rootfs": [
              {
                "size": "16G",
                "storage": "local-lvm",
                "volume": "local-lvm:vm-102-disk-0"
              }
            ],
            "searchdomain": "",
            "ssh_public_keys": "ssh-ed25519 AAAAC3NzaC1lZDI1NTE5AAAAIHTc7PEfDN/l/dJgtDJqP8T5wFsaKvwrz/JjFBNSMASw toog@thearchtoog.turtlesnet.dev",
            "start": true,
            "startup": "",
            "swap": 512,
            "tags": "",
            "target_node": "tnpve1",
            "template": false,
            "timeouts": null,
            "tty": 2,
            "unique": false,
            "unprivileged": true,
            "unused": [],
            "vmid": 0
          },
          "sensitive_attributes": [
            [
              {
                "type": "get_attr",
                "value": "ssh_public_keys"
              }
            ]
          ],
          "private": "eyJlMmJmYjczMC1lY2FhLTExZTYtOGY4OC0zNDM2M2JjN2M0YzAiOnsiY3JlYXRlIjozMDAwMDAwMDAwMDAsImRlZmF1bHQiOjMwMDAwMDAwMDAwMCwiZGVsZXRlIjoxODAwMDAwMDAwMDAsInJlYWQiOjE4MDAwMDAwMDAwMCwidXBkYXRlIjoxODAwMDAwMDAwMDB9fQ=="
        }
      ]
    },
    {
      "mode": "managed",
      "type": "proxmox_lxc",
      "name": "minecraft",
      "provider": "provider[\"registry.terraform.io/telmate/proxmox\"]",
      "instances": [
        {
          "index_key": 0,
          "schema_version": 0,
          "attributes": {
            "arch": "amd64",
            "bwlimit": 0,
            "clone": null,
            "clone_storage": null,
            "cmode": "tty",
            "console": true,
            "cores": 4,
            "cpulimit": 0,
            "cpuunits": 1024,
            "description": "",
            "features": [],
            "force": false,
            "full": null,
            "hagroup": "",
            "hastate": "",
            "hookscript": "",
            "hostname": "minecraft-1",
            "id": "tnpve1/lxc/101",
            "ignore_unpack_errors": false,
            "lock": "",
            "memory": 12288,
            "mountpoint": [],
            "nameserver": "",
            "network": [
              {
                "bridge": "vmbr0",
                "firewall": false,
                "gw": "192.168.17.1",
                "gw6": "",
                "hwaddr": "CE:0A:64:8B:8B:03",
                "ip": "dhcp",
                "ip6": "",
                "mtu": "",
                "name": "eth0",
                "rate": 0,
                "tag": 0,
                "trunks": "",
                "type": "veth"
              }
            ],
            "onboot": true,
            "ostemplate": "local:vztmpl/rockylinux-8-default_20210929_amd64.tar.xz",
            "ostype": "centos",
            "password": null,
            "pool": null,
            "protection": false,
            "restore": false,
            "rootfs": [
              {
                "size": "12G",
                "storage": "local-lvm",
                "volume": "local-lvm:vm-101-disk-0"
              }
            ],
            "searchdomain": "",
            "ssh_public_keys": "ssh-ed25519 AAAAC3NzaC1lZDI1NTE5AAAAIHTc7PEfDN/l/dJgtDJqP8T5wFsaKvwrz/JjFBNSMASw toog@thearchtoog.turtlesnet.dev",
            "start": true,
            "startup": "",
            "swap": 512,
            "tags": "",
            "target_node": "tnpve1",
            "template": false,
            "timeouts": null,
            "tty": 2,
            "unique": false,
            "unprivileged": true,
            "unused": [],
            "vmid": 0
          },
          "sensitive_attributes": [
            [
              {
                "type": "get_attr",
                "value": "ssh_public_keys"
              }
            ]
          ],
          "private": "eyJlMmJmYjczMC1lY2FhLTExZTYtOGY4OC0zNDM2M2JjN2M0YzAiOnsiY3JlYXRlIjozMDAwMDAwMDAwMDAsImRlZmF1bHQiOjMwMDAwMDAwMDAwMCwiZGVsZXRlIjoxODAwMDAwMDAwMDAsInJlYWQiOjE4MDAwMDAwMDAwMCwidXBkYXRlIjoxODAwMDAwMDAwMDB9fQ=="
        }
      ]
    },
    {
      "mode": "managed",
      "type": "proxmox_lxc",
      "name": "valheim",
      "provider": "provider[\"registry.terraform.io/telmate/proxmox\"]",
      "instances": [
        {
          "index_key": 0,
          "schema_version": 0,
          "attributes": {
            "arch": "amd64",
            "bwlimit": 0,
            "clone": null,
            "clone_storage": null,
            "cmode": "tty",
            "console": true,
            "cores": 2,
            "cpulimit": 0,
            "cpuunits": 1024,
            "description": "",
            "features": [],
            "force": false,
            "full": null,
            "hagroup": "",
            "hastate": "",
            "hookscript": "",
            "hostname": "valheim-1",
            "id": "tnpve1/lxc/104",
            "ignore_unpack_errors": false,
            "lock": "",
            "memory": 4096,
            "mountpoint": [],
            "nameserver": "",
            "network": [
              {
                "bridge": "vmbr0",
                "firewall": false,
                "gw": "192.168.17.1",
                "gw6": "",
                "hwaddr": "DA:15:08:4C:E9:BE",
                "ip": "dhcp",
                "ip6": "",
                "mtu": "",
                "name": "eth0",
                "rate": 0,
                "tag": 0,
                "trunks": "",
                "type": "veth"
              }
            ],
            "onboot": true,
            "ostemplate": "local:vztmpl/rockylinux-8-default_20210929_amd64.tar.xz",
            "ostype": "centos",
            "password": null,
            "pool": null,
            "protection": false,
            "restore": false,
            "rootfs": [
              {
                "size": "8G",
                "storage": "local-lvm",
                "volume": "local-lvm:vm-104-disk-0"
              }
            ],
            "searchdomain": "",
            "ssh_public_keys": "ssh-ed25519 AAAAC3NzaC1lZDI1NTE5AAAAIHTc7PEfDN/l/dJgtDJqP8T5wFsaKvwrz/JjFBNSMASw toog@thearchtoog.turtlesnet.dev",
            "start": true,
            "startup": "",
            "swap": 512,
            "tags": "",
            "target_node": "tnpve1",
            "template": false,
            "timeouts": null,
            "tty": 2,
            "unique": false,
            "unprivileged": true,
            "unused": [],
            "vmid": 0
          },
          "sensitive_attributes": [
            [
              {
                "type": "get_attr",
                "value": "ssh_public_keys"
              }
            ]
          ],
          "private": "eyJlMmJmYjczMC1lY2FhLTExZTYtOGY4OC0zNDM2M2JjN2M0YzAiOnsiY3JlYXRlIjozMDAwMDAwMDAwMDAsImRlZmF1bHQiOjMwMDAwMDAwMDAwMCwiZGVsZXRlIjoxODAwMDAwMDAwMDAsInJlYWQiOjE4MDAwMDAwMDAwMCwidXBkYXRlIjoxODAwMDAwMDAwMDB9fQ=="
        }
      ]
    }
  ]
}
