{
  "version": 4,
  "terraform_version": "1.1.8",
  "serial": 66,
  "lineage": "8e32c340-919a-89e8-2ddb-d450204a482c",
  "outputs": {},
  "resources": [
    {
      "mode": "managed",
      "type": "local_file",
      "name": "ansible_inventory",
      "provider": "provider[\"registry.terraform.io/hashicorp/local\"]",
      "instances": [
        {
          "schema_version": 0,
          "attributes": {
            "content": "[factorygame]\nfactorygame-1\nfactorygame-2\n\n[minecraft]\n\n[modmc]\nmodmc-1\n",
            "content_base64": null,
            "directory_permission": "0777",
            "file_permission": "0777",
            "filename": "/home/toog/iac/ansible/inventory.ini",
            "id": "5be01a5c9bb3d346b488c630ac35bf6d9700c56f",
            "sensitive_content": null,
            "source": null
          },
          "sensitive_attributes": [],
          "private": "bnVsbA==",
          "dependencies": [
            "proxmox_lxc.factorygame",
            "proxmox_lxc.minecraft",
            "proxmox_lxc.modmc"
          ]
        }
      ]
    },
    {
      "mode": "managed",
      "type": "proxmox_lxc",
      "name": "factorygame",
      "provider": "provider[\"registry.terraform.io/telmate/proxmox\"]",
      "instances": [
        {
          "index_key": 0,
          "schema_version": 0,
          "attributes": {
            "arch": "amd64",
            "bwlimit": 0,
            "clone": null,
            "clone_storage": null,
            "cmode": "tty",
            "console": true,
            "cores": 4,
            "cpulimit": 0,
            "cpuunits": 1024,
            "description": "",
            "features": [],
            "force": false,
            "full": null,
            "hagroup": "",
            "hastate": "",
            "hookscript": "",
            "hostname": "factorygame-1",
            "id": "tnpve1/lxc/100",
            "ignore_unpack_errors": false,
            "lock": "",
            "memory": 16384,
            "mountpoint": [],
            "nameserver": "",
            "network": [
              {
                "bridge": "vmbr0",
                "firewall": false,
                "gw": "192.168.17.1",
                "gw6": "",
                "hwaddr": "B2:95:8A:95:90:F8",
                "ip": "dhcp",
                "ip6": "",
                "mtu": "",
                "name": "eth0",
                "rate": 0,
                "tag": 0,
                "trunks": "",
                "type": "veth"
              }
            ],
            "onboot": true,
            "ostemplate": "local:vztmpl/rockylinux-8-default_20210929_amd64.tar.xz",
            "ostype": "centos",
            "password": null,
            "pool": null,
            "protection": false,
            "restore": false,
            "rootfs": [
              {
                "size": "16G",
                "storage": "local-lvm",
                "volume": "local-lvm:vm-100-disk-0"
              }
            ],
            "searchdomain": "",
            "ssh_public_keys": "ssh-ed25519 AAAAC3NzaC1lZDI1NTE5AAAAIHTc7PEfDN/l/dJgtDJqP8T5wFsaKvwrz/JjFBNSMASw toog@thearchtoog.turtlesnet.dev",
            "start": true,
            "startup": "",
            "swap": 512,
            "tags": "",
            "target_node": "tnpve1",
            "template": false,
            "timeouts": null,
            "tty": 2,
            "unique": false,
            "unprivileged": true,
            "unused": [],
            "vmid": 0
          },
          "sensitive_attributes": [
            [
              {
                "type": "get_attr",
                "value": "ssh_public_keys"
              }
            ]
          ],
          "private": "eyJlMmJmYjczMC1lY2FhLTExZTYtOGY4OC0zNDM2M2JjN2M0YzAiOnsiY3JlYXRlIjozMDAwMDAwMDAwMDAsImRlZmF1bHQiOjMwMDAwMDAwMDAwMCwiZGVsZXRlIjoxODAwMDAwMDAwMDAsInJlYWQiOjE4MDAwMDAwMDAwMCwidXBkYXRlIjoxODAwMDAwMDAwMDB9fQ=="
        },
        {
          "index_key": 1,
          "schema_version": 0,
          "attributes": {
            "arch": "amd64",
            "bwlimit": 0,
            "clone": null,
            "clone_storage": null,
            "cmode": "tty",
            "console": true,
            "cores": 4,
            "cpulimit": 0,
            "cpuunits": 1024,
            "description": "",
            "features": [],
            "force": false,
            "full": null,
            "hagroup": "",
            "hastate": "",
            "hookscript": "",
            "hostname": "factorygame-2",
            "id": "tnpve1/lxc/102",
            "ignore_unpack_errors": false,
            "lock": "",
            "memory": 16384,
            "mountpoint": [],
            "nameserver": "",
            "network": [
              {
                "bridge": "vmbr0",
                "firewall": false,
                "gw": "192.168.17.1",
                "gw6": "",
                "hwaddr": "D2:3A:B7:77:7B:8D",
                "ip": "dhcp",
                "ip6": "",
                "mtu": "",
                "name": "eth0",
                "rate": 0,
                "tag": 0,
                "trunks": "",
                "type": "veth"
              }
            ],
            "onboot": true,
            "ostemplate": "local:vztmpl/rockylinux-8-default_20210929_amd64.tar.xz",
            "ostype": "centos",
            "password": null,
            "pool": null,
            "protection": false,
            "restore": false,
            "rootfs": [
              {
                "size": "16G",
                "storage": "local-lvm",
                "volume": "local-lvm:vm-102-disk-0"
              }
            ],
            "searchdomain": "",
            "ssh_public_keys": "ssh-ed25519 AAAAC3NzaC1lZDI1NTE5AAAAIHTc7PEfDN/l/dJgtDJqP8T5wFsaKvwrz/JjFBNSMASw toog@thearchtoog.turtlesnet.dev",
            "start": true,
            "startup": "",
            "swap": 512,
            "tags": "",
            "target_node": "tnpve1",
            "template": false,
            "timeouts": null,
            "tty": 2,
            "unique": false,
            "unprivileged": true,
            "unused": [],
            "vmid": 0
          },
          "sensitive_attributes": [
            [
              {
                "type": "get_attr",
                "value": "ssh_public_keys"
              }
            ]
          ],
          "private": "eyJlMmJmYjczMC1lY2FhLTExZTYtOGY4OC0zNDM2M2JjN2M0YzAiOnsiY3JlYXRlIjozMDAwMDAwMDAwMDAsImRlZmF1bHQiOjMwMDAwMDAwMDAwMCwiZGVsZXRlIjoxODAwMDAwMDAwMDAsInJlYWQiOjE4MDAwMDAwMDAwMCwidXBkYXRlIjoxODAwMDAwMDAwMDB9fQ=="
        }
      ]
    },
    {
      "mode": "managed",
      "type": "proxmox_lxc",
      "name": "modmc",
      "provider": "provider[\"registry.terraform.io/telmate/proxmox\"]",
      "instances": [
        {
          "index_key": 0,
          "schema_version": 0,
          "attributes": {
            "arch": "amd64",
            "bwlimit": 0,
            "clone": null,
            "clone_storage": null,
            "cmode": "tty",
            "console": true,
            "cores": 4,
            "cpulimit": 0,
            "cpuunits": 1024,
            "description": "",
            "features": [],
            "force": false,
            "full": null,
            "hagroup": "",
            "hastate": "",
            "hookscript": "",
            "hostname": "modmc-1",
            "id": "tnpve2/lxc/101",
            "ignore_unpack_errors": false,
            "lock": "",
            "memory": 16384,
            "mountpoint": [],
            "nameserver": "",
            "network": [
              {
                "bridge": "vmbr0",
                "firewall": false,
                "gw": "192.168.17.1",
                "gw6": "",
                "hwaddr": "4A:FB:D5:1C:1C:01",
                "ip": "dhcp",
                "ip6": "",
                "mtu": "",
                "name": "eth0",
                "rate": 0,
                "tag": 0,
                "trunks": "",
                "type": "veth"
              }
            ],
            "onboot": true,
            "ostemplate": "local:vztmpl/ubuntu-21.10-standard_21.10-1_amd64.tar.zst",
            "ostype": "ubuntu",
            "password": null,
            "pool": null,
            "protection": false,
            "restore": false,
            "rootfs": [
              {
                "size": "12G",
                "storage": "local-lvm",
                "volume": "local-lvm:vm-101-disk-0"
              }
            ],
            "searchdomain": "",
            "ssh_public_keys": "ssh-ed25519 AAAAC3NzaC1lZDI1NTE5AAAAIHTc7PEfDN/l/dJgtDJqP8T5wFsaKvwrz/JjFBNSMASw toog@thearchtoog.turtlesnet.dev",
            "start": true,
            "startup": "",
            "swap": 512,
            "tags": "",
            "target_node": "tnpve2",
            "template": false,
            "timeouts": null,
            "tty": 2,
            "unique": false,
            "unprivileged": true,
            "unused": [],
            "vmid": 0
          },
          "sensitive_attributes": [
            [
              {
                "type": "get_attr",
                "value": "ssh_public_keys"
              }
            ]
          ],
          "private": "eyJlMmJmYjczMC1lY2FhLTExZTYtOGY4OC0zNDM2M2JjN2M0YzAiOnsiY3JlYXRlIjozMDAwMDAwMDAwMDAsImRlZmF1bHQiOjMwMDAwMDAwMDAwMCwiZGVsZXRlIjoxODAwMDAwMDAwMDAsInJlYWQiOjE4MDAwMDAwMDAwMCwidXBkYXRlIjoxODAwMDAwMDAwMDB9fQ=="
        }
      ]
    },
    {
      "mode": "managed",
      "type": "proxmox_vm_qemu",
      "name": "dockerbox",
      "provider": "provider[\"registry.terraform.io/telmate/proxmox\"]",
      "instances": [
        {
          "index_key": 0,
          "status": "tainted",
          "schema_version": 0,
          "attributes": {
            "additional_wait": 0,
            "agent": 1,
            "args": null,
            "automatic_reboot": true,
            "balloon": 0,
            "bios": "seabios",
            "boot": "c",
            "bootdisk": "scis0",
            "bridge": null,
            "ci_wait": null,
            "cicustom": null,
            "cipassword": null,
            "ciuser": null,
            "clone": "ubuntu-cloud-tmpl",
            "clone_wait": 0,
            "cloudinit_cdrom_storage": null,
            "cores": 4,
            "cpu": "host",
            "default_ipv4_address": null,
            "define_connection_info": true,
            "desc": null,
            "disk": [
              {
                "aio": "",
                "backup": 0,
                "cache": "none",
                "discard": "",
                "file": "",
                "format": "",
                "iothread": 1,
                "mbps": 0,
                "mbps_rd": 0,
                "mbps_rd_max": 0,
                "mbps_wr": 0,
                "mbps_wr_max": 0,
                "media": "",
                "replicate": 0,
                "size": "16G",
                "slot": 0,
                "ssd": 0,
                "storage": "local-lvm",
                "storage_type": "",
                "type": "scsi",
                "volume": ""
              }
            ],
            "disk_gb": null,
            "force_create": false,
            "force_recreate_on_change_of": null,
            "full_clone": true,
            "guest_agent_ready_timeout": 100,
            "hagroup": null,
            "hastate": null,
            "hotplug": "network,disk,usb",
            "id": "tnpve2/qemu/105",
            "ipconfig0": null,
            "ipconfig1": null,
            "ipconfig2": null,
            "ipconfig3": null,
            "ipconfig4": null,
            "ipconfig5": null,
            "iso": null,
            "kvm": true,
            "mac": null,
            "memory": 4096,
            "name": "dockerbox-1",
            "nameserver": null,
            "network": [
              {
                "bridge": "vmbr0",
                "firewall": false,
                "link_down": false,
                "macaddr": "",
                "model": "virtio",
                "queues": 0,
                "rate": 0,
                "tag": -1
              }
            ],
            "nic": null,
            "numa": false,
            "onboot": false,
            "oncreate": true,
            "os_network_config": null,
            "os_type": "cloud-init",
            "pool": null,
            "preprovision": true,
            "qemu_os": null,
            "reboot_required": null,
            "scsihw": "virtio-scsi-pci",
            "searchdomain": null,
            "serial": [],
            "sockets": 1,
            "ssh_forward_ip": null,
            "ssh_host": null,
            "ssh_port": null,
            "ssh_private_key": null,
            "ssh_user": null,
            "sshkeys": "ssh-ed25519 AAAAC3NzaC1lZDI1NTE5AAAAIHTc7PEfDN/l/dJgtDJqP8T5wFsaKvwrz/JjFBNSMASw toog@thearchtoog.turtlesnet.dev",
            "storage": null,
            "storage_type": null,
            "tablet": true,
            "tags": null,
            "target_node": "tnpve2",
            "timeouts": null,
            "unused_disk": null,
            "vcpus": 0,
            "vga": [],
            "vlan": -1,
            "vmid": null
          },
          "sensitive_attributes": [
            [
              {
                "type": "get_attr",
                "value": "sshkeys"
              }
            ]
          ],
          "private": "eyJlMmJmYjczMC1lY2FhLTExZTYtOGY4OC0zNDM2M2JjN2M0YzAiOnsiY3JlYXRlIjozMDAwMDAwMDAwMDAsImRlZmF1bHQiOjMwMDAwMDAwMDAwMCwiZGVsZXRlIjoxODAwMDAwMDAwMDAsInJlYWQiOjE4MDAwMDAwMDAwMCwidXBkYXRlIjoxODAwMDAwMDAwMDB9fQ=="
        }
      ]
    }
  ]
}
